# This file is automatically @generated by Cargo.
# It is not intended for manual editing.
version = 4

[[package]]
name = "application"
version = "0.1.0"

[[package]]
name = "domain"
version = "0.1.0"

[[package]]
name = "infrastructure"
version = "0.1.0"

[[package]]
name = "portfolio-2026-backend"
version = "0.1.0"

[[package]]
name = "web"
version = "0.1.0"
